
Microsoft Visual Studio Solution File, Format Version 12.00
# Visual Studio 15
Project("{FAE04EC0-301F-11D3-BF4B-00C04F79EFBC}") = "Unity.XR.Interaction.Toolkit", "Unity.XR.Interaction.Toolkit.csproj", "{17E59359-2073-4951-5185-C24999F0CD52}"
EndProject
Project("{FAE04EC0-301F-11D3-BF4B-00C04F79EFBC}") = "UnityEngine.TestRunner", "UnityEngine.TestRunner.csproj", "{96573948-A689-CE0F-0F9F-BAFA8F306D3B}"
EndProject
Project("{FAE04EC0-301F-11D3-BF4B-00C04F79EFBC}") = "UnityEngine.UI", "UnityEngine.UI.csproj", "{041AE35D-DF92-D04C-53A8-1F2C39A811E4}"
EndProject
Project("{FAE04EC0-301F-11D3-BF4B-00C04F79EFBC}") = "Unity.VisualScripting.Flow", "Unity.VisualScripting.Flow.csproj", "{C3566D5D-C7D7-BC56-AEF4-E84EA9CED6E7}"
EndProject
Project("{FAE04EC0-301F-11D3-BF4B-00C04F79EFBC}") = "Unity.Services.Core.Telemetry", "Unity.Services.Core.Telemetry.csproj", "{67DD4E19-0C5A-856D-9AFD-843204F345BA}"
EndProject
Project("{FAE04EC0-301F-11D3-BF4B-00C04F79EFBC}") = "Unity.InputSystem", "Unity.InputSystem.csproj", "{690EE9D2-8919-0451-F569-2FE043C078C2}"
EndProject
Project("{FAE04EC0-301F-11D3-BF4B-00C04F79EFBC}") = "Unity.VisualScripting.State", "Unity.VisualScripting.State.csproj", "{04B4840B-1A60-85BF-34C8-147D8CA42F05}"
EndProject
Project("{FAE04EC0-301F-11D3-BF4B-00C04F79EFBC}") = "Unity.VisualScripting.Core", "Unity.VisualScripting.Core.csproj", "{88354AA9-E228-E744-0D65-9BC8CD14C43E}"
EndProject
Project("{FAE04EC0-301F-11D3-BF4B-00C04F79EFBC}") = "UnityEngine.XR.LegacyInputHelpers", "UnityEngine.XR.LegacyInputHelpers.csproj", "{1BC248CF-DCAC-561A-1D06-66B43BBFBF2F}"
EndProject
Project("{FAE04EC0-301F-11D3-BF4B-00C04F79EFBC}") = "Unity.Services.Core.Environments.Internal", "Unity.Services.Core.Environments.Internal.csproj", "{201794A5-4A80-42C7-E774-709847005400}"
EndProject
Project("{FAE04EC0-301F-11D3-BF4B-00C04F79EFBC}") = "Unity.TextMeshPro", "Unity.TextMeshPro.csproj", "{45D62A59-FBB4-3D24-CD94-0D9F2E82A9DE}"
EndProject
Project("{FAE04EC0-301F-11D3-BF4B-00C04F79EFBC}") = "Unity.Timeline", "Unity.Timeline.csproj", "{1C8F7568-5695-2302-DA01-AA65D8408E64}"
EndProject
Project("{FAE04EC0-301F-11D3-BF4B-00C04F79EFBC}") = "Unity.Services.Core", "Unity.Services.Core.csproj", "{A99AD0A7-EDEE-0A92-7EA5-558D20951CBC}"
EndProject
Project("{FAE04EC0-301F-11D3-BF4B-00C04F79EFBC}") = "Unity.XR.CoreUtils", "Unity.XR.CoreUtils.csproj", "{4D584B07-2107-4F52-AE6E-F3560E8AE2B9}"
EndProject
Project("{FAE04EC0-301F-11D3-BF4B-00C04F79EFBC}") = "Unity.XR.OpenXR", "Unity.XR.OpenXR.csproj", "{9B51A250-609F-27C6-530F-68EA8A970031}"
EndProject
Project("{FAE04EC0-301F-11D3-BF4B-00C04F79EFBC}") = "Unity.Services.Core.Environments", "Unity.Services.Core.Environments.csproj", "{97204D5F-5A2B-D273-EAA0-5BF96366EB4B}"
EndProject
Project("{FAE04EC0-301F-11D3-BF4B-00C04F79EFBC}") = "Unity.Services.Core.Internal", "Unity.Services.Core.Internal.csproj", "{163C8E8F-91AD-293F-FF55-6AD631E30E6B}"
EndProject
Project("{FAE04EC0-301F-11D3-BF4B-00C04F79EFBC}") = "Unity.Services.Core.Analytics", "Unity.Services.Core.Analytics.csproj", "{8A47CFDE-B890-C870-D5C3-BC18713B39AC}"
EndProject
Project("{FAE04EC0-301F-11D3-BF4B-00C04F79EFBC}") = "Unity.Services.Core.Scheduler", "Unity.Services.Core.Scheduler.csproj", "{7F78FA69-0D7F-060F-6275-E14673C3EB40}"
EndProject
Project("{FAE04EC0-301F-11D3-BF4B-00C04F79EFBC}") = "Unity.Services.Core.Registration", "Unity.Services.Core.Registration.csproj", "{AF22730A-8B52-2228-9F36-36953D0A78BB}"
EndProject
Project("{FAE04EC0-301F-11D3-BF4B-00C04F79EFBC}") = "Unity.Services.Core.Device", "Unity.Services.Core.Device.csproj", "{B8B1CF4D-32A7-ADDA-D943-9217715D7086}"
EndProject
Project("{FAE04EC0-301F-11D3-BF4B-00C04F79EFBC}") = "Unity.XR.Management", "Unity.XR.Management.csproj", "{FEAAE6EE-0E70-F8DC-18E2-B37EF2D731D0}"
EndProject
Project("{FAE04EC0-301F-11D3-BF4B-00C04F79EFBC}") = "Unity.Services.Core.Threading", "Unity.Services.Core.Threading.csproj", "{9FCAE5E0-CB03-FFE7-E9C4-2DCBF47B7121}"
EndProject
Project("{FAE04EC0-301F-11D3-BF4B-00C04F79EFBC}") = "Unity.Services.Core.Networking", "Unity.Services.Core.Networking.csproj", "{882FF283-4E03-39C8-1FEC-59AD9C827159}"
EndProject
Project("{FAE04EC0-301F-11D3-BF4B-00C04F79EFBC}") = "Unity.XR.OpenXR.Features.RuntimeDebugger", "Unity.XR.OpenXR.Features.RuntimeDebugger.csproj", "{7AC53D07-295E-4F25-CC66-7264AF22CA92}"
EndProject
Project("{FAE04EC0-301F-11D3-BF4B-00C04F79EFBC}") = "UnityEngine.SpatialTracking", "UnityEngine.SpatialTracking.csproj", "{DBE0000D-0213-69BD-1768-BA6E6AE685CA}"
EndProject
Project("{FAE04EC0-301F-11D3-BF4B-00C04F79EFBC}") = "Unity.Services.Core.Configuration", "Unity.Services.Core.Configuration.csproj", "{BF2A0832-7B1E-C193-58AB-09E4BE28B929}"
EndProject
Project("{FAE04EC0-301F-11D3-BF4B-00C04F79EFBC}") = "Unity.XR.OpenXR.Features.ConformanceAutomation", "Unity.XR.OpenXR.Features.ConformanceAutomation.csproj", "{D8CE2CAA-5AB0-D328-88AE-2416174FEA7B}"
EndProject
Project("{FAE04EC0-301F-11D3-BF4B-00C04F79EFBC}") = "Unity.XR.OpenXR.Features.MockRuntime", "Unity.XR.OpenXR.Features.MockRuntime.csproj", "{B625C502-9EE2-527C-6E77-189E3277073C}"
EndProject
Project("{FAE04EC0-301F-11D3-BF4B-00C04F79EFBC}") = "Unity.Subsystem.Registration", "Unity.Subsystem.Registration.csproj", "{198681AD-508E-4E10-FE93-01E9BFD31DCC}"
EndProject
Project("{FAE04EC0-301F-11D3-BF4B-00C04F79EFBC}") = "Unity.XR.OpenXR.Features.OculusQuestSupport", "Unity.XR.OpenXR.Features.OculusQuestSupport.csproj", "{C48708D4-6B9A-4745-79E9-71537CBE5B50}"
EndProject
Project("{FAE04EC0-301F-11D3-BF4B-00C04F79EFBC}") = "Unity.PlasticSCM.Editor", "Unity.PlasticSCM.Editor.csproj", "{5247C5E1-6BB7-600F-3E6D-BF814E47F66E}"
EndProject
Project("{FAE04EC0-301F-11D3-BF4B-00C04F79EFBC}") = "Unity.VisualScripting.Core.Editor", "Unity.VisualScripting.Core.Editor.csproj", "{1FB24729-3545-8C66-CCC2-C2F1B97B8B3B}"
EndProject
Project("{FAE04EC0-301F-11D3-BF4B-00C04F79EFBC}") = "Unity.XR.OpenXR.Editor", "Unity.XR.OpenXR.Editor.csproj", "{5EF6F539-7E03-D9FA-592D-A18A2F959C5C}"
EndProject
Project("{FAE04EC0-301F-11D3-BF4B-00C04F79EFBC}") = "Unity.VisualScripting.Flow.Editor", "Unity.VisualScripting.Flow.Editor.csproj", "{3CC6B85E-BEA5-AB2A-9AB6-E7C713B99D74}"
EndProject
Project("{FAE04EC0-301F-11D3-BF4B-00C04F79EFBC}") = "Unity.VisualStudio.Editor", "Unity.VisualStudio.Editor.csproj", "{5486F4F1-1632-B071-B19D-CFE353456314}"
EndProject
Project("{FAE04EC0-301F-11D3-BF4B-00C04F79EFBC}") = "Unity.Timeline.Editor", "Unity.Timeline.Editor.csproj", "{34CCC25F-1BAA-AEBB-F7E5-F4CFBB9535EB}"
EndProject
Project("{FAE04EC0-301F-11D3-BF4B-00C04F79EFBC}") = "Unity.VisualScripting.State.Editor", "Unity.VisualScripting.State.Editor.csproj", "{6C6DB86C-06EF-DDBD-ADCB-E84D6C4B5245}"
EndProject
Project("{FAE04EC0-301F-11D3-BF4B-00C04F79EFBC}") = "Unity.XR.Interaction.Toolkit.Editor", "Unity.XR.Interaction.Toolkit.Editor.csproj", "{CBB1ABDA-AEC2-E6C1-B373-548E9703A749}"
EndProject
Project("{FAE04EC0-301F-11D3-BF4B-00C04F79EFBC}") = "Unity.TextMeshPro.Editor", "Unity.TextMeshPro.Editor.csproj", "{17C7255E-9262-8D44-D5C8-0EA72E187010}"
EndProject
Project("{FAE04EC0-301F-11D3-BF4B-00C04F79EFBC}") = "Unity.VisualScripting.SettingsProvider.Editor", "Unity.VisualScripting.SettingsProvider.Editor.csproj", "{5A5D32AD-9197-5025-4E8A-463C49527111}"
EndProject
Project("{FAE04EC0-301F-11D3-BF4B-00C04F79EFBC}") = "Unity.CollabProxy.Editor", "Unity.CollabProxy.Editor.csproj", "{53A9F73D-B6AC-9926-279F-2C1642817158}"
EndProject
Project("{FAE04EC0-301F-11D3-BF4B-00C04F79EFBC}") = "UnityEditor.TestRunner", "UnityEditor.TestRunner.csproj", "{CC3901D9-C00F-4731-DCFB-68471ED076E1}"
EndProject
Project("{FAE04EC0-301F-11D3-BF4B-00C04F79EFBC}") = "Unity.Services.Core.Editor", "Unity.Services.Core.Editor.csproj", "{32294C27-D05D-3B3B-D087-D31DFDCD3BCC}"
EndProject
Project("{FAE04EC0-301F-11D3-BF4B-00C04F79EFBC}") = "Unity.TestTools.CodeCoverage.Editor", "Unity.TestTools.CodeCoverage.Editor.csproj", "{207A8487-18CA-8C98-C505-C18C249B7FF8}"
EndProject
Project("{FAE04EC0-301F-11D3-BF4B-00C04F79EFBC}") = "Unity.Rider.Editor", "Unity.Rider.Editor.csproj", "{052446A5-1F6A-17BA-61B4-133AD8B6C238}"
EndProject
Project("{FAE04EC0-301F-11D3-BF4B-00C04F79EFBC}") = "Unity.XR.CoreUtils.Editor", "Unity.XR.CoreUtils.Editor.csproj", "{A2AF0FF9-B4D2-9D38-09A3-02D3420E573A}"
EndProject
Project("{FAE04EC0-301F-11D3-BF4B-00C04F79EFBC}") = "Unity.Performance.Profile-Analyzer.Editor", "Unity.Performance.Profile-Analyzer.Editor.csproj", "{57192B79-C744-7FA8-5B7A-2D83AE9D47D8}"
EndProject
Project("{FAE04EC0-301F-11D3-BF4B-00C04F79EFBC}") = "Unity.XR.Management.Editor", "Unity.XR.Management.Editor.csproj", "{E41E2982-861E-49AE-CCB3-40DA2AAAA07B}"
EndProject
Project("{FAE04EC0-301F-11D3-BF4B-00C04F79EFBC}") = "Unity.VSCode.Editor", "Unity.VSCode.Editor.csproj", "{5AE3C131-B534-E4DA-90AC-C2AF5A9AD7CF}"
EndProject
Project("{FAE04EC0-301F-11D3-BF4B-00C04F79EFBC}") = "UnityEditor.UI", "UnityEditor.UI.csproj", "{86D236A9-A51D-5A58-E309-50AB2DFC3848}"
EndProject
Project("{FAE04EC0-301F-11D3-BF4B-00C04F79EFBC}") = "Unity.TestTools.CodeCoverage.Editor.OpenCover.Model", "Unity.TestTools.CodeCoverage.Editor.OpenCover.Model.csproj", "{79AE1508-535B-4211-7BE7-CF2A1BA822B2}"
EndProject
Project("{FAE04EC0-301F-11D3-BF4B-00C04F79EFBC}") = "Unity.EditorCoroutines.Editor", "Unity.EditorCoroutines.Editor.csproj", "{0FBB371A-AE81-CA05-5552-8B34B2AC97FC}"
EndProject
Project("{FAE04EC0-301F-11D3-BF4B-00C04F79EFBC}") = "Unity.Settings.Editor", "Unity.Settings.Editor.csproj", "{8C48F65F-99B4-DE6B-D625-A5DE05F53D3C}"
EndProject
Project("{FAE04EC0-301F-11D3-BF4B-00C04F79EFBC}") = "UnityEditor.SpatialTracking", "UnityEditor.SpatialTracking.csproj", "{5401FDD5-AC26-7103-EC6F-0BA597593688}"
EndProject
Project("{FAE04EC0-301F-11D3-BF4B-00C04F79EFBC}") = "Unity.Services.Core.Configuration.Editor", "Unity.Services.Core.Configuration.Editor.csproj", "{F71CE2C1-34E3-F9EB-45DA-000A93530368}"
EndProject
Project("{FAE04EC0-301F-11D3-BF4B-00C04F79EFBC}") = "UnityEditor.XR.LegacyInputHelpers", "UnityEditor.XR.LegacyInputHelpers.csproj", "{2B6CEEDF-A9AB-9D68-4F77-7B839FDFC956}"
EndProject
Project("{FAE04EC0-301F-11D3-BF4B-00C04F79EFBC}") = "Unity.XR.OpenXR.Features.RuntimeDebugger.Editor", "Unity.XR.OpenXR.Features.RuntimeDebugger.Editor.csproj", "{D5464BDD-F524-15E8-8FE5-D81F2DF15754}"
EndProject
Project("{FAE04EC0-301F-11D3-BF4B-00C04F79EFBC}") = "Unity.TestTools.CodeCoverage.Editor.OpenCover.Mono.Reflection", "Unity.TestTools.CodeCoverage.Editor.OpenCover.Mono.Reflection.csproj", "{1260D78A-F98C-EB7B-BE99-711BF12DE37E}"
EndProject
Project("{FAE04EC0-301F-11D3-BF4B-00C04F79EFBC}") = "Unity.VisualScripting.Shared.Editor", "Unity.VisualScripting.Shared.Editor.csproj", "{BBECBBF4-BF3B-5058-D17F-A20925D88DDB}"
EndProject
Project("{FAE04EC0-301F-11D3-BF4B-00C04F79EFBC}") = "Unity.XR.OpenXR.Features.OculusQuestSupport.Editor", "Unity.XR.OpenXR.Features.OculusQuestSupport.Editor.csproj", "{92593E4B-AC2E-7E9B-3FD4-7957DDE8F181}"
EndProject
Project("{FAE04EC0-301F-11D3-BF4B-00C04F79EFBC}") = "Unity.XR.Interaction.Toolkit", "Unity.XR.Interaction.Toolkit.Player.csproj", "{37DD1502-BFB1-EB07-F7A7-D5F2F1BB5E69}"
EndProject
Project("{FAE04EC0-301F-11D3-BF4B-00C04F79EFBC}") = "UnityEngine.TestRunner", "UnityEngine.TestRunner.Player.csproj", "{E2D89643-C5CB-5447-1314-72C04F50C351}"
EndProject
Project("{FAE04EC0-301F-11D3-BF4B-00C04F79EFBC}") = "UnityEngine.UI", "UnityEngine.UI.Player.csproj", "{99670EF6-BDDF-6797-3E92-DEDB5F8537D9}"
EndProject
Project("{FAE04EC0-301F-11D3-BF4B-00C04F79EFBC}") = "Unity.VisualScripting.Flow", "Unity.VisualScripting.Flow.Player.csproj", "{BA3B832C-DF59-E08B-5E81-FB0FF0D43189}"
EndProject
Project("{FAE04EC0-301F-11D3-BF4B-00C04F79EFBC}") = "Unity.Services.Core.Telemetry", "Unity.Services.Core.Telemetry.Player.csproj", "{C172D4FC-3D67-FA1A-036B-EAF30FFB3A8F}"
EndProject
Project("{FAE04EC0-301F-11D3-BF4B-00C04F79EFBC}") = "Unity.InputSystem", "Unity.InputSystem.Player.csproj", "{E7E6C1A4-2B62-C396-BEBB-16703872A4D4}"
EndProject
Project("{FAE04EC0-301F-11D3-BF4B-00C04F79EFBC}") = "Unity.VisualScripting.State", "Unity.VisualScripting.State.Player.csproj", "{84B5880A-6A90-9B20-3335-F4532760F480}"
EndProject
Project("{FAE04EC0-301F-11D3-BF4B-00C04F79EFBC}") = "Unity.VisualScripting.Core", "Unity.VisualScripting.Core.Player.csproj", "{C8AEA3CD-6D95-CA68-9EE0-3FF0725E3C21}"
EndProject
Project("{FAE04EC0-301F-11D3-BF4B-00C04F79EFBC}") = "UnityEngine.XR.LegacyInputHelpers", "UnityEngine.XR.LegacyInputHelpers.Player.csproj", "{C2AA4D96-E4A3-1ADC-7395-B665440CCF13}"
EndProject
Project("{FAE04EC0-301F-11D3-BF4B-00C04F79EFBC}") = "Unity.Services.Core.Environments.Internal", "Unity.Services.Core.Environments.Internal.Player.csproj", "{57BCBEA6-C69D-2FD1-E63E-70F7F710266D}"
EndProject
Project("{FAE04EC0-301F-11D3-BF4B-00C04F79EFBC}") = "Unity.TextMeshPro", "Unity.TextMeshPro.Player.csproj", "{D3BF8FA3-D39F-DCC7-3391-F44E027BD7CF}"
EndProject
Project("{FAE04EC0-301F-11D3-BF4B-00C04F79EFBC}") = "Unity.Timeline", "Unity.Timeline.Player.csproj", "{2AE51738-C02D-21E3-8452-354922B4AF84}"
EndProject
Project("{FAE04EC0-301F-11D3-BF4B-00C04F79EFBC}") = "Unity.Services.Core", "Unity.Services.Core.Player.csproj", "{9B5ADB6C-7FF3-CE45-FB30-74D9BCCB5480}"
EndProject
Project("{FAE04EC0-301F-11D3-BF4B-00C04F79EFBC}") = "Unity.XR.CoreUtils", "Unity.XR.CoreUtils.Player.csproj", "{9F1CB8B4-CBAD-FB6E-78FF-B10260191152}"
EndProject
Project("{FAE04EC0-301F-11D3-BF4B-00C04F79EFBC}") = "Unity.XR.OpenXR", "Unity.XR.OpenXR.Player.csproj", "{DF788B2B-834A-15BD-9AA0-340FE6E19FB1}"
EndProject
Project("{FAE04EC0-301F-11D3-BF4B-00C04F79EFBC}") = "Unity.Services.Core.Environments", "Unity.Services.Core.Environments.Player.csproj", "{58E237C8-0958-9674-A65B-3FF52558E29A}"
EndProject
Project("{FAE04EC0-301F-11D3-BF4B-00C04F79EFBC}") = "Unity.Services.Core.Internal", "Unity.Services.Core.Internal.Player.csproj", "{1DADF2C1-1874-78F6-5E1B-7D935A06EB11}"
EndProject
Project("{FAE04EC0-301F-11D3-BF4B-00C04F79EFBC}") = "Unity.Services.Core.Analytics", "Unity.Services.Core.Analytics.Player.csproj", "{DDE7D854-E0C4-4633-77CE-BA9B592A5B38}"
EndProject
Project("{FAE04EC0-301F-11D3-BF4B-00C04F79EFBC}") = "Unity.Services.Core.Scheduler", "Unity.Services.Core.Scheduler.Player.csproj", "{054EE4E5-18A4-EE6A-E422-3D8D17FD298F}"
EndProject
Project("{FAE04EC0-301F-11D3-BF4B-00C04F79EFBC}") = "Unity.Services.Core.Registration", "Unity.Services.Core.Registration.Player.csproj", "{1171A712-5785-1952-239F-00DAEBCB949A}"
EndProject
Project("{FAE04EC0-301F-11D3-BF4B-00C04F79EFBC}") = "Unity.Services.Core.Device", "Unity.Services.Core.Device.Player.csproj", "{69C62C24-5556-8524-8327-48D9B3DDE2D1}"
EndProject
Project("{FAE04EC0-301F-11D3-BF4B-00C04F79EFBC}") = "Unity.XR.Management", "Unity.XR.Management.Player.csproj", "{C1551506-4536-B980-FE32-13886FCC7D60}"
EndProject
Project("{FAE04EC0-301F-11D3-BF4B-00C04F79EFBC}") = "Unity.Services.Core.Threading", "Unity.Services.Core.Threading.Player.csproj", "{269603D9-108F-D9BE-6175-5FF397A46D6D}"
EndProject
Project("{FAE04EC0-301F-11D3-BF4B-00C04F79EFBC}") = "Unity.Services.Core.Networking", "Unity.Services.Core.Networking.Player.csproj", "{CD12987D-AB03-248B-E125-03FF8D13DF94}"
EndProject
Project("{FAE04EC0-301F-11D3-BF4B-00C04F79EFBC}") = "Unity.XR.OpenXR.Features.RuntimeDebugger", "Unity.XR.OpenXR.Features.RuntimeDebugger.Player.csproj", "{84E1E8AF-7853-AD6F-D71B-3A915F871E87}"
EndProject
Project("{FAE04EC0-301F-11D3-BF4B-00C04F79EFBC}") = "UnityEngine.SpatialTracking", "UnityEngine.SpatialTracking.Player.csproj", "{3FCD5950-F264-9B66-758C-9D927779216F}"
EndProject
Project("{FAE04EC0-301F-11D3-BF4B-00C04F79EFBC}") = "Unity.Services.Core.Configuration", "Unity.Services.Core.Configuration.Player.csproj", "{E0CD9D97-160A-4CB6-05D7-B0B2A61ADCD0}"
EndProject
Project("{FAE04EC0-301F-11D3-BF4B-00C04F79EFBC}") = "Unity.XR.OpenXR.Features.ConformanceAutomation", "Unity.XR.OpenXR.Features.ConformanceAutomation.Player.csproj", "{EBEE3C03-6482-4E89-EC84-523C7E4EA066}"
EndProject
Project("{FAE04EC0-301F-11D3-BF4B-00C04F79EFBC}") = "Unity.XR.OpenXR.Features.MockRuntime", "Unity.XR.OpenXR.Features.MockRuntime.Player.csproj", "{DC9D1D6D-8F81-7305-2823-AB6D99BB8DCD}"
EndProject
Project("{FAE04EC0-301F-11D3-BF4B-00C04F79EFBC}") = "Unity.Subsystem.Registration", "Unity.Subsystem.Registration.Player.csproj", "{DF4F9B1E-FCCE-A91D-8B4B-668312C7EAFA}"
EndProject
Project("{FAE04EC0-301F-11D3-BF4B-00C04F79EFBC}") = "Unity.XR.OpenXR.Features.OculusQuestSupport", "Unity.XR.OpenXR.Features.OculusQuestSupport.Player.csproj", "{B66BD30E-610D-C02D-9420-EDF861F35035}"
EndProject
Global
	GlobalSection(SolutionConfigurationPlatforms) = preSolution
		Debug|Any CPU = Debug|Any CPU
		Release|Any CPU = Release|Any CPU
	EndGlobalSection
	GlobalSection(ProjectConfigurationPlatforms) = postSolution
		{17E59359-2073-4951-5185-C24999F0CD52}.Debug|Any CPU.ActiveCfg = Debug|Any CPU
		{17E59359-2073-4951-5185-C24999F0CD52}.Debug|Any CPU.Build.0 = Debug|Any CPU
		{17E59359-2073-4951-5185-C24999F0CD52}.Release|Any CPU.ActiveCfg = Release|Any CPU
		{17E59359-2073-4951-5185-C24999F0CD52}.Release|Any CPU.Build.0 = Release|Any CPU
		{96573948-A689-CE0F-0F9F-BAFA8F306D3B}.Debug|Any CPU.ActiveCfg = Debug|Any CPU
		{96573948-A689-CE0F-0F9F-BAFA8F306D3B}.Debug|Any CPU.Build.0 = Debug|Any CPU
		{96573948-A689-CE0F-0F9F-BAFA8F306D3B}.Release|Any CPU.ActiveCfg = Release|Any CPU
		{96573948-A689-CE0F-0F9F-BAFA8F306D3B}.Release|Any CPU.Build.0 = Release|Any CPU
		{041AE35D-DF92-D04C-53A8-1F2C39A811E4}.Debug|Any CPU.ActiveCfg = Debug|Any CPU
		{041AE35D-DF92-D04C-53A8-1F2C39A811E4}.Debug|Any CPU.Build.0 = Debug|Any CPU
		{041AE35D-DF92-D04C-53A8-1F2C39A811E4}.Release|Any CPU.ActiveCfg = Release|Any CPU
		{041AE35D-DF92-D04C-53A8-1F2C39A811E4}.Release|Any CPU.Build.0 = Release|Any CPU
		{C3566D5D-C7D7-BC56-AEF4-E84EA9CED6E7}.Debug|Any CPU.ActiveCfg = Debug|Any CPU
		{C3566D5D-C7D7-BC56-AEF4-E84EA9CED6E7}.Debug|Any CPU.Build.0 = Debug|Any CPU
		{C3566D5D-C7D7-BC56-AEF4-E84EA9CED6E7}.Release|Any CPU.ActiveCfg = Release|Any CPU
		{C3566D5D-C7D7-BC56-AEF4-E84EA9CED6E7}.Release|Any CPU.Build.0 = Release|Any CPU
		{67DD4E19-0C5A-856D-9AFD-843204F345BA}.Debug|Any CPU.ActiveCfg = Debug|Any CPU
		{67DD4E19-0C5A-856D-9AFD-843204F345BA}.Debug|Any CPU.Build.0 = Debug|Any CPU
		{67DD4E19-0C5A-856D-9AFD-843204F345BA}.Release|Any CPU.ActiveCfg = Release|Any CPU
		{67DD4E19-0C5A-856D-9AFD-843204F345BA}.Release|Any CPU.Build.0 = Release|Any CPU
		{690EE9D2-8919-0451-F569-2FE043C078C2}.Debug|Any CPU.ActiveCfg = Debug|Any CPU
		{690EE9D2-8919-0451-F569-2FE043C078C2}.Debug|Any CPU.Build.0 = Debug|Any CPU
		{690EE9D2-8919-0451-F569-2FE043C078C2}.Release|Any CPU.ActiveCfg = Release|Any CPU
		{690EE9D2-8919-0451-F569-2FE043C078C2}.Release|Any CPU.Build.0 = Release|Any CPU
		{04B4840B-1A60-85BF-34C8-147D8CA42F05}.Debug|Any CPU.ActiveCfg = Debug|Any CPU
		{04B4840B-1A60-85BF-34C8-147D8CA42F05}.Debug|Any CPU.Build.0 = Debug|Any CPU
		{04B4840B-1A60-85BF-34C8-147D8CA42F05}.Release|Any CPU.ActiveCfg = Release|Any CPU
		{04B4840B-1A60-85BF-34C8-147D8CA42F05}.Release|Any CPU.Build.0 = Release|Any CPU
		{88354AA9-E228-E744-0D65-9BC8CD14C43E}.Debug|Any CPU.ActiveCfg = Debug|Any CPU
		{88354AA9-E228-E744-0D65-9BC8CD14C43E}.Debug|Any CPU.Build.0 = Debug|Any CPU
		{88354AA9-E228-E744-0D65-9BC8CD14C43E}.Release|Any CPU.ActiveCfg = Release|Any CPU
		{88354AA9-E228-E744-0D65-9BC8CD14C43E}.Release|Any CPU.Build.0 = Release|Any CPU
		{1BC248CF-DCAC-561A-1D06-66B43BBFBF2F}.Debug|Any CPU.ActiveCfg = Debug|Any CPU
		{1BC248CF-DCAC-561A-1D06-66B43BBFBF2F}.Debug|Any CPU.Build.0 = Debug|Any CPU
		{1BC248CF-DCAC-561A-1D06-66B43BBFBF2F}.Release|Any CPU.ActiveCfg = Release|Any CPU
		{1BC248CF-DCAC-561A-1D06-66B43BBFBF2F}.Release|Any CPU.Build.0 = Release|Any CPU
		{201794A5-4A80-42C7-E774-709847005400}.Debug|Any CPU.ActiveCfg = Debug|Any CPU
		{201794A5-4A80-42C7-E774-709847005400}.Debug|Any CPU.Build.0 = Debug|Any CPU
		{201794A5-4A80-42C7-E774-709847005400}.Release|Any CPU.ActiveCfg = Release|Any CPU
		{201794A5-4A80-42C7-E774-709847005400}.Release|Any CPU.Build.0 = Release|Any CPU
		{45D62A59-FBB4-3D24-CD94-0D9F2E82A9DE}.Debug|Any CPU.ActiveCfg = Debug|Any CPU
		{45D62A59-FBB4-3D24-CD94-0D9F2E82A9DE}.Debug|Any CPU.Build.0 = Debug|Any CPU
		{45D62A59-FBB4-3D24-CD94-0D9F2E82A9DE}.Release|Any CPU.ActiveCfg = Release|Any CPU
		{45D62A59-FBB4-3D24-CD94-0D9F2E82A9DE}.Release|Any CPU.Build.0 = Release|Any CPU
		{1C8F7568-5695-2302-DA01-AA65D8408E64}.Debug|Any CPU.ActiveCfg = Debug|Any CPU
		{1C8F7568-5695-2302-DA01-AA65D8408E64}.Debug|Any CPU.Build.0 = Debug|Any CPU
		{1C8F7568-5695-2302-DA01-AA65D8408E64}.Release|Any CPU.ActiveCfg = Release|Any CPU
		{1C8F7568-5695-2302-DA01-AA65D8408E64}.Release|Any CPU.Build.0 = Release|Any CPU
		{A99AD0A7-EDEE-0A92-7EA5-558D20951CBC}.Debug|Any CPU.ActiveCfg = Debug|Any CPU
		{A99AD0A7-EDEE-0A92-7EA5-558D20951CBC}.Debug|Any CPU.Build.0 = Debug|Any CPU
		{A99AD0A7-EDEE-0A92-7EA5-558D20951CBC}.Release|Any CPU.ActiveCfg = Release|Any CPU
		{A99AD0A7-EDEE-0A92-7EA5-558D20951CBC}.Release|Any CPU.Build.0 = Release|Any CPU
		{4D584B07-2107-4F52-AE6E-F3560E8AE2B9}.Debug|Any CPU.ActiveCfg = Debug|Any CPU
		{4D584B07-2107-4F52-AE6E-F3560E8AE2B9}.Debug|Any CPU.Build.0 = Debug|Any CPU
		{4D584B07-2107-4F52-AE6E-F3560E8AE2B9}.Release|Any CPU.ActiveCfg = Release|Any CPU
		{4D584B07-2107-4F52-AE6E-F3560E8AE2B9}.Release|Any CPU.Build.0 = Release|Any CPU
		{9B51A250-609F-27C6-530F-68EA8A970031}.Debug|Any CPU.ActiveCfg = Debug|Any CPU
		{9B51A250-609F-27C6-530F-68EA8A970031}.Debug|Any CPU.Build.0 = Debug|Any CPU
		{9B51A250-609F-27C6-530F-68EA8A970031}.Release|Any CPU.ActiveCfg = Release|Any CPU
		{9B51A250-609F-27C6-530F-68EA8A970031}.Release|Any CPU.Build.0 = Release|Any CPU
		{97204D5F-5A2B-D273-EAA0-5BF96366EB4B}.Debug|Any CPU.ActiveCfg = Debug|Any CPU
		{97204D5F-5A2B-D273-EAA0-5BF96366EB4B}.Debug|Any CPU.Build.0 = Debug|Any CPU
		{97204D5F-5A2B-D273-EAA0-5BF96366EB4B}.Release|Any CPU.ActiveCfg = Release|Any CPU
		{97204D5F-5A2B-D273-EAA0-5BF96366EB4B}.Release|Any CPU.Build.0 = Release|Any CPU
		{163C8E8F-91AD-293F-FF55-6AD631E30E6B}.Debug|Any CPU.ActiveCfg = Debug|Any CPU
		{163C8E8F-91AD-293F-FF55-6AD631E30E6B}.Debug|Any CPU.Build.0 = Debug|Any CPU
		{163C8E8F-91AD-293F-FF55-6AD631E30E6B}.Release|Any CPU.ActiveCfg = Release|Any CPU
		{163C8E8F-91AD-293F-FF55-6AD631E30E6B}.Release|Any CPU.Build.0 = Release|Any CPU
		{8A47CFDE-B890-C870-D5C3-BC18713B39AC}.Debug|Any CPU.ActiveCfg = Debug|Any CPU
		{8A47CFDE-B890-C870-D5C3-BC18713B39AC}.Debug|Any CPU.Build.0 = Debug|Any CPU
		{8A47CFDE-B890-C870-D5C3-BC18713B39AC}.Release|Any CPU.ActiveCfg = Release|Any CPU
		{8A47CFDE-B890-C870-D5C3-BC18713B39AC}.Release|Any CPU.Build.0 = Release|Any CPU
		{7F78FA69-0D7F-060F-6275-E14673C3EB40}.Debug|Any CPU.ActiveCfg = Debug|Any CPU
		{7F78FA69-0D7F-060F-6275-E14673C3EB40}.Debug|Any CPU.Build.0 = Debug|Any CPU
		{7F78FA69-0D7F-060F-6275-E14673C3EB40}.Release|Any CPU.ActiveCfg = Release|Any CPU
		{7F78FA69-0D7F-060F-6275-E14673C3EB40}.Release|Any CPU.Build.0 = Release|Any CPU
		{AF22730A-8B52-2228-9F36-36953D0A78BB}.Debug|Any CPU.ActiveCfg = Debug|Any CPU
		{AF22730A-8B52-2228-9F36-36953D0A78BB}.Debug|Any CPU.Build.0 = Debug|Any CPU
		{AF22730A-8B52-2228-9F36-36953D0A78BB}.Release|Any CPU.ActiveCfg = Release|Any CPU
		{AF22730A-8B52-2228-9F36-36953D0A78BB}.Release|Any CPU.Build.0 = Release|Any CPU
		{B8B1CF4D-32A7-ADDA-D943-9217715D7086}.Debug|Any CPU.ActiveCfg = Debug|Any CPU
		{B8B1CF4D-32A7-ADDA-D943-9217715D7086}.Debug|Any CPU.Build.0 = Debug|Any CPU
		{B8B1CF4D-32A7-ADDA-D943-9217715D7086}.Release|Any CPU.ActiveCfg = Release|Any CPU
		{B8B1CF4D-32A7-ADDA-D943-9217715D7086}.Release|Any CPU.Build.0 = Release|Any CPU
		{FEAAE6EE-0E70-F8DC-18E2-B37EF2D731D0}.Debug|Any CPU.ActiveCfg = Debug|Any CPU
		{FEAAE6EE-0E70-F8DC-18E2-B37EF2D731D0}.Debug|Any CPU.Build.0 = Debug|Any CPU
		{FEAAE6EE-0E70-F8DC-18E2-B37EF2D731D0}.Release|Any CPU.ActiveCfg = Release|Any CPU
		{FEAAE6EE-0E70-F8DC-18E2-B37EF2D731D0}.Release|Any CPU.Build.0 = Release|Any CPU
		{9FCAE5E0-CB03-FFE7-E9C4-2DCBF47B7121}.Debug|Any CPU.ActiveCfg = Debug|Any CPU
		{9FCAE5E0-CB03-FFE7-E9C4-2DCBF47B7121}.Debug|Any CPU.Build.0 = Debug|Any CPU
		{9FCAE5E0-CB03-FFE7-E9C4-2DCBF47B7121}.Release|Any CPU.ActiveCfg = Release|Any CPU
		{9FCAE5E0-CB03-FFE7-E9C4-2DCBF47B7121}.Release|Any CPU.Build.0 = Release|Any CPU
		{882FF283-4E03-39C8-1FEC-59AD9C827159}.Debug|Any CPU.ActiveCfg = Debug|Any CPU
		{882FF283-4E03-39C8-1FEC-59AD9C827159}.Debug|Any CPU.Build.0 = Debug|Any CPU
		{882FF283-4E03-39C8-1FEC-59AD9C827159}.Release|Any CPU.ActiveCfg = Release|Any CPU
		{882FF283-4E03-39C8-1FEC-59AD9C827159}.Release|Any CPU.Build.0 = Release|Any CPU
		{7AC53D07-295E-4F25-CC66-7264AF22CA92}.Debug|Any CPU.ActiveCfg = Debug|Any CPU
		{7AC53D07-295E-4F25-CC66-7264AF22CA92}.Debug|Any CPU.Build.0 = Debug|Any CPU
		{7AC53D07-295E-4F25-CC66-7264AF22CA92}.Release|Any CPU.ActiveCfg = Release|Any CPU
		{7AC53D07-295E-4F25-CC66-7264AF22CA92}.Release|Any CPU.Build.0 = Release|Any CPU
		{DBE0000D-0213-69BD-1768-BA6E6AE685CA}.Debug|Any CPU.ActiveCfg = Debug|Any CPU
		{DBE0000D-0213-69BD-1768-BA6E6AE685CA}.Debug|Any CPU.Build.0 = Debug|Any CPU
		{DBE0000D-0213-69BD-1768-BA6E6AE685CA}.Release|Any CPU.ActiveCfg = Release|Any CPU
		{DBE0000D-0213-69BD-1768-BA6E6AE685CA}.Release|Any CPU.Build.0 = Release|Any CPU
		{BF2A0832-7B1E-C193-58AB-09E4BE28B929}.Debug|Any CPU.ActiveCfg = Debug|Any CPU
		{BF2A0832-7B1E-C193-58AB-09E4BE28B929}.Debug|Any CPU.Build.0 = Debug|Any CPU
		{BF2A0832-7B1E-C193-58AB-09E4BE28B929}.Release|Any CPU.ActiveCfg = Release|Any CPU
		{BF2A0832-7B1E-C193-58AB-09E4BE28B929}.Release|Any CPU.Build.0 = Release|Any CPU
		{D8CE2CAA-5AB0-D328-88AE-2416174FEA7B}.Debug|Any CPU.ActiveCfg = Debug|Any CPU
		{D8CE2CAA-5AB0-D328-88AE-2416174FEA7B}.Debug|Any CPU.Build.0 = Debug|Any CPU
		{D8CE2CAA-5AB0-D328-88AE-2416174FEA7B}.Release|Any CPU.ActiveCfg = Release|Any CPU
		{D8CE2CAA-5AB0-D328-88AE-2416174FEA7B}.Release|Any CPU.Build.0 = Release|Any CPU
		{B625C502-9EE2-527C-6E77-189E3277073C}.Debug|Any CPU.ActiveCfg = Debug|Any CPU
		{B625C502-9EE2-527C-6E77-189E3277073C}.Debug|Any CPU.Build.0 = Debug|Any CPU
		{B625C502-9EE2-527C-6E77-189E3277073C}.Release|Any CPU.ActiveCfg = Release|Any CPU
		{B625C502-9EE2-527C-6E77-189E3277073C}.Release|Any CPU.Build.0 = Release|Any CPU
		{198681AD-508E-4E10-FE93-01E9BFD31DCC}.Debug|Any CPU.ActiveCfg = Debug|Any CPU
		{198681AD-508E-4E10-FE93-01E9BFD31DCC}.Debug|Any CPU.Build.0 = Debug|Any CPU
		{198681AD-508E-4E10-FE93-01E9BFD31DCC}.Release|Any CPU.ActiveCfg = Release|Any CPU
		{198681AD-508E-4E10-FE93-01E9BFD31DCC}.Release|Any CPU.Build.0 = Release|Any CPU
		{C48708D4-6B9A-4745-79E9-71537CBE5B50}.Debug|Any CPU.ActiveCfg = Debug|Any CPU
		{C48708D4-6B9A-4745-79E9-71537CBE5B50}.Debug|Any CPU.Build.0 = Debug|Any CPU
		{C48708D4-6B9A-4745-79E9-71537CBE5B50}.Release|Any CPU.ActiveCfg = Release|Any CPU
		{C48708D4-6B9A-4745-79E9-71537CBE5B50}.Release|Any CPU.Build.0 = Release|Any CPU
		{5247C5E1-6BB7-600F-3E6D-BF814E47F66E}.Debug|Any CPU.ActiveCfg = Debug|Any CPU
		{5247C5E1-6BB7-600F-3E6D-BF814E47F66E}.Debug|Any CPU.Build.0 = Debug|Any CPU
		{5247C5E1-6BB7-600F-3E6D-BF814E47F66E}.Release|Any CPU.ActiveCfg = Release|Any CPU
		{5247C5E1-6BB7-600F-3E6D-BF814E47F66E}.Release|Any CPU.Build.0 = Release|Any CPU
		{1FB24729-3545-8C66-CCC2-C2F1B97B8B3B}.Debug|Any CPU.ActiveCfg = Debug|Any CPU
		{1FB24729-3545-8C66-CCC2-C2F1B97B8B3B}.Debug|Any CPU.Build.0 = Debug|Any CPU
		{1FB24729-3545-8C66-CCC2-C2F1B97B8B3B}.Release|Any CPU.ActiveCfg = Release|Any CPU
		{1FB24729-3545-8C66-CCC2-C2F1B97B8B3B}.Release|Any CPU.Build.0 = Release|Any CPU
		{5EF6F539-7E03-D9FA-592D-A18A2F959C5C}.Debug|Any CPU.ActiveCfg = Debug|Any CPU
		{5EF6F539-7E03-D9FA-592D-A18A2F959C5C}.Debug|Any CPU.Build.0 = Debug|Any CPU
		{5EF6F539-7E03-D9FA-592D-A18A2F959C5C}.Release|Any CPU.ActiveCfg = Release|Any CPU
		{5EF6F539-7E03-D9FA-592D-A18A2F959C5C}.Release|Any CPU.Build.0 = Release|Any CPU
		{3CC6B85E-BEA5-AB2A-9AB6-E7C713B99D74}.Debug|Any CPU.ActiveCfg = Debug|Any CPU
		{3CC6B85E-BEA5-AB2A-9AB6-E7C713B99D74}.Debug|Any CPU.Build.0 = Debug|Any CPU
		{3CC6B85E-BEA5-AB2A-9AB6-E7C713B99D74}.Release|Any CPU.ActiveCfg = Release|Any CPU
		{3CC6B85E-BEA5-AB2A-9AB6-E7C713B99D74}.Release|Any CPU.Build.0 = Release|Any CPU
		{5486F4F1-1632-B071-B19D-CFE353456314}.Debug|Any CPU.ActiveCfg = Debug|Any CPU
		{5486F4F1-1632-B071-B19D-CFE353456314}.Debug|Any CPU.Build.0 = Debug|Any CPU
		{5486F4F1-1632-B071-B19D-CFE353456314}.Release|Any CPU.ActiveCfg = Release|Any CPU
		{5486F4F1-1632-B071-B19D-CFE353456314}.Release|Any CPU.Build.0 = Release|Any CPU
		{34CCC25F-1BAA-AEBB-F7E5-F4CFBB9535EB}.Debug|Any CPU.ActiveCfg = Debug|Any CPU
		{34CCC25F-1BAA-AEBB-F7E5-F4CFBB9535EB}.Debug|Any CPU.Build.0 = Debug|Any CPU
		{34CCC25F-1BAA-AEBB-F7E5-F4CFBB9535EB}.Release|Any CPU.ActiveCfg = Release|Any CPU
		{34CCC25F-1BAA-AEBB-F7E5-F4CFBB9535EB}.Release|Any CPU.Build.0 = Release|Any CPU
		{6C6DB86C-06EF-DDBD-ADCB-E84D6C4B5245}.Debug|Any CPU.ActiveCfg = Debug|Any CPU
		{6C6DB86C-06EF-DDBD-ADCB-E84D6C4B5245}.Debug|Any CPU.Build.0 = Debug|Any CPU
		{6C6DB86C-06EF-DDBD-ADCB-E84D6C4B5245}.Release|Any CPU.ActiveCfg = Release|Any CPU
		{6C6DB86C-06EF-DDBD-ADCB-E84D6C4B5245}.Release|Any CPU.Build.0 = Release|Any CPU
		{CBB1ABDA-AEC2-E6C1-B373-548E9703A749}.Debug|Any CPU.ActiveCfg = Debug|Any CPU
		{CBB1ABDA-AEC2-E6C1-B373-548E9703A749}.Debug|Any CPU.Build.0 = Debug|Any CPU
		{CBB1ABDA-AEC2-E6C1-B373-548E9703A749}.Release|Any CPU.ActiveCfg = Release|Any CPU
		{CBB1ABDA-AEC2-E6C1-B373-548E9703A749}.Release|Any CPU.Build.0 = Release|Any CPU
		{17C7255E-9262-8D44-D5C8-0EA72E187010}.Debug|Any CPU.ActiveCfg = Debug|Any CPU
		{17C7255E-9262-8D44-D5C8-0EA72E187010}.Debug|Any CPU.Build.0 = Debug|Any CPU
		{17C7255E-9262-8D44-D5C8-0EA72E187010}.Release|Any CPU.ActiveCfg = Release|Any CPU
		{17C7255E-9262-8D44-D5C8-0EA72E187010}.Release|Any CPU.Build.0 = Release|Any CPU
		{5A5D32AD-9197-5025-4E8A-463C49527111}.Debug|Any CPU.ActiveCfg = Debug|Any CPU
		{5A5D32AD-9197-5025-4E8A-463C49527111}.Debug|Any CPU.Build.0 = Debug|Any CPU
		{5A5D32AD-9197-5025-4E8A-463C49527111}.Release|Any CPU.ActiveCfg = Release|Any CPU
		{5A5D32AD-9197-5025-4E8A-463C49527111}.Release|Any CPU.Build.0 = Release|Any CPU
		{53A9F73D-B6AC-9926-279F-2C1642817158}.Debug|Any CPU.ActiveCfg = Debug|Any CPU
		{53A9F73D-B6AC-9926-279F-2C1642817158}.Debug|Any CPU.Build.0 = Debug|Any CPU
		{53A9F73D-B6AC-9926-279F-2C1642817158}.Release|Any CPU.ActiveCfg = Release|Any CPU
		{53A9F73D-B6AC-9926-279F-2C1642817158}.Release|Any CPU.Build.0 = Release|Any CPU
		{CC3901D9-C00F-4731-DCFB-68471ED076E1}.Debug|Any CPU.ActiveCfg = Debug|Any CPU
		{CC3901D9-C00F-4731-DCFB-68471ED076E1}.Debug|Any CPU.Build.0 = Debug|Any CPU
		{CC3901D9-C00F-4731-DCFB-68471ED076E1}.Release|Any CPU.ActiveCfg = Release|Any CPU
		{CC3901D9-C00F-4731-DCFB-68471ED076E1}.Release|Any CPU.Build.0 = Release|Any CPU
		{32294C27-D05D-3B3B-D087-D31DFDCD3BCC}.Debug|Any CPU.ActiveCfg = Debug|Any CPU
		{32294C27-D05D-3B3B-D087-D31DFDCD3BCC}.Debug|Any CPU.Build.0 = Debug|Any CPU
		{32294C27-D05D-3B3B-D087-D31DFDCD3BCC}.Release|Any CPU.ActiveCfg = Release|Any CPU
		{32294C27-D05D-3B3B-D087-D31DFDCD3BCC}.Release|Any CPU.Build.0 = Release|Any CPU
		{207A8487-18CA-8C98-C505-C18C249B7FF8}.Debug|Any CPU.ActiveCfg = Debug|Any CPU
		{207A8487-18CA-8C98-C505-C18C249B7FF8}.Debug|Any CPU.Build.0 = Debug|Any CPU
		{207A8487-18CA-8C98-C505-C18C249B7FF8}.Release|Any CPU.ActiveCfg = Release|Any CPU
		{207A8487-18CA-8C98-C505-C18C249B7FF8}.Release|Any CPU.Build.0 = Release|Any CPU
		{052446A5-1F6A-17BA-61B4-133AD8B6C238}.Debug|Any CPU.ActiveCfg = Debug|Any CPU
		{052446A5-1F6A-17BA-61B4-133AD8B6C238}.Debug|Any CPU.Build.0 = Debug|Any CPU
		{052446A5-1F6A-17BA-61B4-133AD8B6C238}.Release|Any CPU.ActiveCfg = Release|Any CPU
		{052446A5-1F6A-17BA-61B4-133AD8B6C238}.Release|Any CPU.Build.0 = Release|Any CPU
		{A2AF0FF9-B4D2-9D38-09A3-02D3420E573A}.Debug|Any CPU.ActiveCfg = Debug|Any CPU
		{A2AF0FF9-B4D2-9D38-09A3-02D3420E573A}.Debug|Any CPU.Build.0 = Debug|Any CPU
		{A2AF0FF9-B4D2-9D38-09A3-02D3420E573A}.Release|Any CPU.ActiveCfg = Release|Any CPU
		{A2AF0FF9-B4D2-9D38-09A3-02D3420E573A}.Release|Any CPU.Build.0 = Release|Any CPU
		{57192B79-C744-7FA8-5B7A-2D83AE9D47D8}.Debug|Any CPU.ActiveCfg = Debug|Any CPU
		{57192B79-C744-7FA8-5B7A-2D83AE9D47D8}.Debug|Any CPU.Build.0 = Debug|Any CPU
		{57192B79-C744-7FA8-5B7A-2D83AE9D47D8}.Release|Any CPU.ActiveCfg = Release|Any CPU
		{57192B79-C744-7FA8-5B7A-2D83AE9D47D8}.Release|Any CPU.Build.0 = Release|Any CPU
		{E41E2982-861E-49AE-CCB3-40DA2AAAA07B}.Debug|Any CPU.ActiveCfg = Debug|Any CPU
		{E41E2982-861E-49AE-CCB3-40DA2AAAA07B}.Debug|Any CPU.Build.0 = Debug|Any CPU
		{E41E2982-861E-49AE-CCB3-40DA2AAAA07B}.Release|Any CPU.ActiveCfg = Release|Any CPU
		{E41E2982-861E-49AE-CCB3-40DA2AAAA07B}.Release|Any CPU.Build.0 = Release|Any CPU
		{5AE3C131-B534-E4DA-90AC-C2AF5A9AD7CF}.Debug|Any CPU.ActiveCfg = Debug|Any CPU
		{5AE3C131-B534-E4DA-90AC-C2AF5A9AD7CF}.Debug|Any CPU.Build.0 = Debug|Any CPU
		{5AE3C131-B534-E4DA-90AC-C2AF5A9AD7CF}.Release|Any CPU.ActiveCfg = Release|Any CPU
		{5AE3C131-B534-E4DA-90AC-C2AF5A9AD7CF}.Release|Any CPU.Build.0 = Release|Any CPU
		{86D236A9-A51D-5A58-E309-50AB2DFC3848}.Debug|Any CPU.ActiveCfg = Debug|Any CPU
		{86D236A9-A51D-5A58-E309-50AB2DFC3848}.Debug|Any CPU.Build.0 = Debug|Any CPU
		{86D236A9-A51D-5A58-E309-50AB2DFC3848}.Release|Any CPU.ActiveCfg = Release|Any CPU
		{86D236A9-A51D-5A58-E309-50AB2DFC3848}.Release|Any CPU.Build.0 = Release|Any CPU
		{79AE1508-535B-4211-7BE7-CF2A1BA822B2}.Debug|Any CPU.ActiveCfg = Debug|Any CPU
		{79AE1508-535B-4211-7BE7-CF2A1BA822B2}.Debug|Any CPU.Build.0 = Debug|Any CPU
		{79AE1508-535B-4211-7BE7-CF2A1BA822B2}.Release|Any CPU.ActiveCfg = Release|Any CPU
		{79AE1508-535B-4211-7BE7-CF2A1BA822B2}.Release|Any CPU.Build.0 = Release|Any CPU
		{0FBB371A-AE81-CA05-5552-8B34B2AC97FC}.Debug|Any CPU.ActiveCfg = Debug|Any CPU
		{0FBB371A-AE81-CA05-5552-8B34B2AC97FC}.Debug|Any CPU.Build.0 = Debug|Any CPU
		{0FBB371A-AE81-CA05-5552-8B34B2AC97FC}.Release|Any CPU.ActiveCfg = Release|Any CPU
		{0FBB371A-AE81-CA05-5552-8B34B2AC97FC}.Release|Any CPU.Build.0 = Release|Any CPU
		{8C48F65F-99B4-DE6B-D625-A5DE05F53D3C}.Debug|Any CPU.ActiveCfg = Debug|Any CPU
		{8C48F65F-99B4-DE6B-D625-A5DE05F53D3C}.Debug|Any CPU.Build.0 = Debug|Any CPU
		{8C48F65F-99B4-DE6B-D625-A5DE05F53D3C}.Release|Any CPU.ActiveCfg = Release|Any CPU
		{8C48F65F-99B4-DE6B-D625-A5DE05F53D3C}.Release|Any CPU.Build.0 = Release|Any CPU
		{5401FDD5-AC26-7103-EC6F-0BA597593688}.Debug|Any CPU.ActiveCfg = Debug|Any CPU
		{5401FDD5-AC26-7103-EC6F-0BA597593688}.Debug|Any CPU.Build.0 = Debug|Any CPU
		{5401FDD5-AC26-7103-EC6F-0BA597593688}.Release|Any CPU.ActiveCfg = Release|Any CPU
		{5401FDD5-AC26-7103-EC6F-0BA597593688}.Release|Any CPU.Build.0 = Release|Any CPU
		{F71CE2C1-34E3-F9EB-45DA-000A93530368}.Debug|Any CPU.ActiveCfg = Debug|Any CPU
		{F71CE2C1-34E3-F9EB-45DA-000A93530368}.Debug|Any CPU.Build.0 = Debug|Any CPU
		{F71CE2C1-34E3-F9EB-45DA-000A93530368}.Release|Any CPU.ActiveCfg = Release|Any CPU
		{F71CE2C1-34E3-F9EB-45DA-000A93530368}.Release|Any CPU.Build.0 = Release|Any CPU
		{2B6CEEDF-A9AB-9D68-4F77-7B839FDFC956}.Debug|Any CPU.ActiveCfg = Debug|Any CPU
		{2B6CEEDF-A9AB-9D68-4F77-7B839FDFC956}.Debug|Any CPU.Build.0 = Debug|Any CPU
		{2B6CEEDF-A9AB-9D68-4F77-7B839FDFC956}.Release|Any CPU.ActiveCfg = Release|Any CPU
		{2B6CEEDF-A9AB-9D68-4F77-7B839FDFC956}.Release|Any CPU.Build.0 = Release|Any CPU
		{D5464BDD-F524-15E8-8FE5-D81F2DF15754}.Debug|Any CPU.ActiveCfg = Debug|Any CPU
		{D5464BDD-F524-15E8-8FE5-D81F2DF15754}.Debug|Any CPU.Build.0 = Debug|Any CPU
		{D5464BDD-F524-15E8-8FE5-D81F2DF15754}.Release|Any CPU.ActiveCfg = Release|Any CPU
		{D5464BDD-F524-15E8-8FE5-D81F2DF15754}.Release|Any CPU.Build.0 = Release|Any CPU
		{1260D78A-F98C-EB7B-BE99-711BF12DE37E}.Debug|Any CPU.ActiveCfg = Debug|Any CPU
		{1260D78A-F98C-EB7B-BE99-711BF12DE37E}.Debug|Any CPU.Build.0 = Debug|Any CPU
		{1260D78A-F98C-EB7B-BE99-711BF12DE37E}.Release|Any CPU.ActiveCfg = Release|Any CPU
		{1260D78A-F98C-EB7B-BE99-711BF12DE37E}.Release|Any CPU.Build.0 = Release|Any CPU
		{BBECBBF4-BF3B-5058-D17F-A20925D88DDB}.Debug|Any CPU.ActiveCfg = Debug|Any CPU
		{BBECBBF4-BF3B-5058-D17F-A20925D88DDB}.Debug|Any CPU.Build.0 = Debug|Any CPU
		{BBECBBF4-BF3B-5058-D17F-A20925D88DDB}.Release|Any CPU.ActiveCfg = Release|Any CPU
		{BBECBBF4-BF3B-5058-D17F-A20925D88DDB}.Release|Any CPU.Build.0 = Release|Any CPU
		{92593E4B-AC2E-7E9B-3FD4-7957DDE8F181}.Debug|Any CPU.ActiveCfg = Debug|Any CPU
		{92593E4B-AC2E-7E9B-3FD4-7957DDE8F181}.Debug|Any CPU.Build.0 = Debug|Any CPU
		{92593E4B-AC2E-7E9B-3FD4-7957DDE8F181}.Release|Any CPU.ActiveCfg = Release|Any CPU
		{92593E4B-AC2E-7E9B-3FD4-7957DDE8F181}.Release|Any CPU.Build.0 = Release|Any CPU
		{37DD1502-BFB1-EB07-F7A7-D5F2F1BB5E69}.Debug|Any CPU.ActiveCfg = Debug|Any CPU
		{37DD1502-BFB1-EB07-F7A7-D5F2F1BB5E69}.Debug|Any CPU.Build.0 = Debug|Any CPU
		{37DD1502-BFB1-EB07-F7A7-D5F2F1BB5E69}.Release|Any CPU.ActiveCfg = Release|Any CPU
		{37DD1502-BFB1-EB07-F7A7-D5F2F1BB5E69}.Release|Any CPU.Build.0 = Release|Any CPU
		{E2D89643-C5CB-5447-1314-72C04F50C351}.Debug|Any CPU.ActiveCfg = Debug|Any CPU
		{E2D89643-C5CB-5447-1314-72C04F50C351}.Debug|Any CPU.Build.0 = Debug|Any CPU
		{E2D89643-C5CB-5447-1314-72C04F50C351}.Release|Any CPU.ActiveCfg = Release|Any CPU
		{E2D89643-C5CB-5447-1314-72C04F50C351}.Release|Any CPU.Build.0 = Release|Any CPU
		{99670EF6-BDDF-6797-3E92-DEDB5F8537D9}.Debug|Any CPU.ActiveCfg = Debug|Any CPU
		{99670EF6-BDDF-6797-3E92-DEDB5F8537D9}.Debug|Any CPU.Build.0 = Debug|Any CPU
		{99670EF6-BDDF-6797-3E92-DEDB5F8537D9}.Release|Any CPU.ActiveCfg = Release|Any CPU
		{99670EF6-BDDF-6797-3E92-DEDB5F8537D9}.Release|Any CPU.Build.0 = Release|Any CPU
		{BA3B832C-DF59-E08B-5E81-FB0FF0D43189}.Debug|Any CPU.ActiveCfg = Debug|Any CPU
		{BA3B832C-DF59-E08B-5E81-FB0FF0D43189}.Debug|Any CPU.Build.0 = Debug|Any CPU
		{BA3B832C-DF59-E08B-5E81-FB0FF0D43189}.Release|Any CPU.ActiveCfg = Release|Any CPU
		{BA3B832C-DF59-E08B-5E81-FB0FF0D43189}.Release|Any CPU.Build.0 = Release|Any CPU
		{C172D4FC-3D67-FA1A-036B-EAF30FFB3A8F}.Debug|Any CPU.ActiveCfg = Debug|Any CPU
		{C172D4FC-3D67-FA1A-036B-EAF30FFB3A8F}.Debug|Any CPU.Build.0 = Debug|Any CPU
		{C172D4FC-3D67-FA1A-036B-EAF30FFB3A8F}.Release|Any CPU.ActiveCfg = Release|Any CPU
		{C172D4FC-3D67-FA1A-036B-EAF30FFB3A8F}.Release|Any CPU.Build.0 = Release|Any CPU
		{E7E6C1A4-2B62-C396-BEBB-16703872A4D4}.Debug|Any CPU.ActiveCfg = Debug|Any CPU
		{E7E6C1A4-2B62-C396-BEBB-16703872A4D4}.Debug|Any CPU.Build.0 = Debug|Any CPU
		{E7E6C1A4-2B62-C396-BEBB-16703872A4D4}.Release|Any CPU.ActiveCfg = Release|Any CPU
		{E7E6C1A4-2B62-C396-BEBB-16703872A4D4}.Release|Any CPU.Build.0 = Release|Any CPU
		{84B5880A-6A90-9B20-3335-F4532760F480}.Debug|Any CPU.ActiveCfg = Debug|Any CPU
		{84B5880A-6A90-9B20-3335-F4532760F480}.Debug|Any CPU.Build.0 = Debug|Any CPU
		{84B5880A-6A90-9B20-3335-F4532760F480}.Release|Any CPU.ActiveCfg = Release|Any CPU
		{84B5880A-6A90-9B20-3335-F4532760F480}.Release|Any CPU.Build.0 = Release|Any CPU
		{C8AEA3CD-6D95-CA68-9EE0-3FF0725E3C21}.Debug|Any CPU.ActiveCfg = Debug|Any CPU
		{C8AEA3CD-6D95-CA68-9EE0-3FF0725E3C21}.Debug|Any CPU.Build.0 = Debug|Any CPU
		{C8AEA3CD-6D95-CA68-9EE0-3FF0725E3C21}.Release|Any CPU.ActiveCfg = Release|Any CPU
		{C8AEA3CD-6D95-CA68-9EE0-3FF0725E3C21}.Release|Any CPU.Build.0 = Release|Any CPU
		{C2AA4D96-E4A3-1ADC-7395-B665440CCF13}.Debug|Any CPU.ActiveCfg = Debug|Any CPU
		{C2AA4D96-E4A3-1ADC-7395-B665440CCF13}.Debug|Any CPU.Build.0 = Debug|Any CPU
		{C2AA4D96-E4A3-1ADC-7395-B665440CCF13}.Release|Any CPU.ActiveCfg = Release|Any CPU
		{C2AA4D96-E4A3-1ADC-7395-B665440CCF13}.Release|Any CPU.Build.0 = Release|Any CPU
		{57BCBEA6-C69D-2FD1-E63E-70F7F710266D}.Debug|Any CPU.ActiveCfg = Debug|Any CPU
		{57BCBEA6-C69D-2FD1-E63E-70F7F710266D}.Debug|Any CPU.Build.0 = Debug|Any CPU
		{57BCBEA6-C69D-2FD1-E63E-70F7F710266D}.Release|Any CPU.ActiveCfg = Release|Any CPU
		{57BCBEA6-C69D-2FD1-E63E-70F7F710266D}.Release|Any CPU.Build.0 = Release|Any CPU
		{D3BF8FA3-D39F-DCC7-3391-F44E027BD7CF}.Debug|Any CPU.ActiveCfg = Debug|Any CPU
		{D3BF8FA3-D39F-DCC7-3391-F44E027BD7CF}.Debug|Any CPU.Build.0 = Debug|Any CPU
		{D3BF8FA3-D39F-DCC7-3391-F44E027BD7CF}.Release|Any CPU.ActiveCfg = Release|Any CPU
		{D3BF8FA3-D39F-DCC7-3391-F44E027BD7CF}.Release|Any CPU.Build.0 = Release|Any CPU
		{2AE51738-C02D-21E3-8452-354922B4AF84}.Debug|Any CPU.ActiveCfg = Debug|Any CPU
		{2AE51738-C02D-21E3-8452-354922B4AF84}.Debug|Any CPU.Build.0 = Debug|Any CPU
		{2AE51738-C02D-21E3-8452-354922B4AF84}.Release|Any CPU.ActiveCfg = Release|Any CPU
		{2AE51738-C02D-21E3-8452-354922B4AF84}.Release|Any CPU.Build.0 = Release|Any CPU
		{9B5ADB6C-7FF3-CE45-FB30-74D9BCCB5480}.Debug|Any CPU.ActiveCfg = Debug|Any CPU
		{9B5ADB6C-7FF3-CE45-FB30-74D9BCCB5480}.Debug|Any CPU.Build.0 = Debug|Any CPU
		{9B5ADB6C-7FF3-CE45-FB30-74D9BCCB5480}.Release|Any CPU.ActiveCfg = Release|Any CPU
		{9B5ADB6C-7FF3-CE45-FB30-74D9BCCB5480}.Release|Any CPU.Build.0 = Release|Any CPU
		{9F1CB8B4-CBAD-FB6E-78FF-B10260191152}.Debug|Any CPU.ActiveCfg = Debug|Any CPU
		{9F1CB8B4-CBAD-FB6E-78FF-B10260191152}.Debug|Any CPU.Build.0 = Debug|Any CPU
		{9F1CB8B4-CBAD-FB6E-78FF-B10260191152}.Release|Any CPU.ActiveCfg = Release|Any CPU
		{9F1CB8B4-CBAD-FB6E-78FF-B10260191152}.Release|Any CPU.Build.0 = Release|Any CPU
		{DF788B2B-834A-15BD-9AA0-340FE6E19FB1}.Debug|Any CPU.ActiveCfg = Debug|Any CPU
		{DF788B2B-834A-15BD-9AA0-340FE6E19FB1}.Debug|Any CPU.Build.0 = Debug|Any CPU
		{DF788B2B-834A-15BD-9AA0-340FE6E19FB1}.Release|Any CPU.ActiveCfg = Release|Any CPU
		{DF788B2B-834A-15BD-9AA0-340FE6E19FB1}.Release|Any CPU.Build.0 = Release|Any CPU
		{58E237C8-0958-9674-A65B-3FF52558E29A}.Debug|Any CPU.ActiveCfg = Debug|Any CPU
		{58E237C8-0958-9674-A65B-3FF52558E29A}.Debug|Any CPU.Build.0 = Debug|Any CPU
		{58E237C8-0958-9674-A65B-3FF52558E29A}.Release|Any CPU.ActiveCfg = Release|Any CPU
		{58E237C8-0958-9674-A65B-3FF52558E29A}.Release|Any CPU.Build.0 = Release|Any CPU
		{1DADF2C1-1874-78F6-5E1B-7D935A06EB11}.Debug|Any CPU.ActiveCfg = Debug|Any CPU
		{1DADF2C1-1874-78F6-5E1B-7D935A06EB11}.Debug|Any CPU.Build.0 = Debug|Any CPU
		{1DADF2C1-1874-78F6-5E1B-7D935A06EB11}.Release|Any CPU.ActiveCfg = Release|Any CPU
		{1DADF2C1-1874-78F6-5E1B-7D935A06EB11}.Release|Any CPU.Build.0 = Release|Any CPU
		{DDE7D854-E0C4-4633-77CE-BA9B592A5B38}.Debug|Any CPU.ActiveCfg = Debug|Any CPU
		{DDE7D854-E0C4-4633-77CE-BA9B592A5B38}.Debug|Any CPU.Build.0 = Debug|Any CPU
		{DDE7D854-E0C4-4633-77CE-BA9B592A5B38}.Release|Any CPU.ActiveCfg = Release|Any CPU
		{DDE7D854-E0C4-4633-77CE-BA9B592A5B38}.Release|Any CPU.Build.0 = Release|Any CPU
		{054EE4E5-18A4-EE6A-E422-3D8D17FD298F}.Debug|Any CPU.ActiveCfg = Debug|Any CPU
		{054EE4E5-18A4-EE6A-E422-3D8D17FD298F}.Debug|Any CPU.Build.0 = Debug|Any CPU
		{054EE4E5-18A4-EE6A-E422-3D8D17FD298F}.Release|Any CPU.ActiveCfg = Release|Any CPU
		{054EE4E5-18A4-EE6A-E422-3D8D17FD298F}.Release|Any CPU.Build.0 = Release|Any CPU
		{1171A712-5785-1952-239F-00DAEBCB949A}.Debug|Any CPU.ActiveCfg = Debug|Any CPU
		{1171A712-5785-1952-239F-00DAEBCB949A}.Debug|Any CPU.Build.0 = Debug|Any CPU
		{1171A712-5785-1952-239F-00DAEBCB949A}.Release|Any CPU.ActiveCfg = Release|Any CPU
		{1171A712-5785-1952-239F-00DAEBCB949A}.Release|Any CPU.Build.0 = Release|Any CPU
		{69C62C24-5556-8524-8327-48D9B3DDE2D1}.Debug|Any CPU.ActiveCfg = Debug|Any CPU
		{69C62C24-5556-8524-8327-48D9B3DDE2D1}.Debug|Any CPU.Build.0 = Debug|Any CPU
		{69C62C24-5556-8524-8327-48D9B3DDE2D1}.Release|Any CPU.ActiveCfg = Release|Any CPU
		{69C62C24-5556-8524-8327-48D9B3DDE2D1}.Release|Any CPU.Build.0 = Release|Any CPU
		{C1551506-4536-B980-FE32-13886FCC7D60}.Debug|Any CPU.ActiveCfg = Debug|Any CPU
		{C1551506-4536-B980-FE32-13886FCC7D60}.Debug|Any CPU.Build.0 = Debug|Any CPU
		{C1551506-4536-B980-FE32-13886FCC7D60}.Release|Any CPU.ActiveCfg = Release|Any CPU
		{C1551506-4536-B980-FE32-13886FCC7D60}.Release|Any CPU.Build.0 = Release|Any CPU
		{269603D9-108F-D9BE-6175-5FF397A46D6D}.Debug|Any CPU.ActiveCfg = Debug|Any CPU
		{269603D9-108F-D9BE-6175-5FF397A46D6D}.Debug|Any CPU.Build.0 = Debug|Any CPU
		{269603D9-108F-D9BE-6175-5FF397A46D6D}.Release|Any CPU.ActiveCfg = Release|Any CPU
		{269603D9-108F-D9BE-6175-5FF397A46D6D}.Release|Any CPU.Build.0 = Release|Any CPU
		{CD12987D-AB03-248B-E125-03FF8D13DF94}.Debug|Any CPU.ActiveCfg = Debug|Any CPU
		{CD12987D-AB03-248B-E125-03FF8D13DF94}.Debug|Any CPU.Build.0 = Debug|Any CPU
		{CD12987D-AB03-248B-E125-03FF8D13DF94}.Release|Any CPU.ActiveCfg = Release|Any CPU
		{CD12987D-AB03-248B-E125-03FF8D13DF94}.Release|Any CPU.Build.0 = Release|Any CPU
		{84E1E8AF-7853-AD6F-D71B-3A915F871E87}.Debug|Any CPU.ActiveCfg = Debug|Any CPU
		{84E1E8AF-7853-AD6F-D71B-3A915F871E87}.Debug|Any CPU.Build.0 = Debug|Any CPU
		{84E1E8AF-7853-AD6F-D71B-3A915F871E87}.Release|Any CPU.ActiveCfg = Release|Any CPU
		{84E1E8AF-7853-AD6F-D71B-3A915F871E87}.Release|Any CPU.Build.0 = Release|Any CPU
		{3FCD5950-F264-9B66-758C-9D927779216F}.Debug|Any CPU.ActiveCfg = Debug|Any CPU
		{3FCD5950-F264-9B66-758C-9D927779216F}.Debug|Any CPU.Build.0 = Debug|Any CPU
		{3FCD5950-F264-9B66-758C-9D927779216F}.Release|Any CPU.ActiveCfg = Release|Any CPU
		{3FCD5950-F264-9B66-758C-9D927779216F}.Release|Any CPU.Build.0 = Release|Any CPU
		{E0CD9D97-160A-4CB6-05D7-B0B2A61ADCD0}.Debug|Any CPU.ActiveCfg = Debug|Any CPU
		{E0CD9D97-160A-4CB6-05D7-B0B2A61ADCD0}.Debug|Any CPU.Build.0 = Debug|Any CPU
		{E0CD9D97-160A-4CB6-05D7-B0B2A61ADCD0}.Release|Any CPU.ActiveCfg = Release|Any CPU
		{E0CD9D97-160A-4CB6-05D7-B0B2A61ADCD0}.Release|Any CPU.Build.0 = Release|Any CPU
		{EBEE3C03-6482-4E89-EC84-523C7E4EA066}.Debug|Any CPU.ActiveCfg = Debug|Any CPU
		{EBEE3C03-6482-4E89-EC84-523C7E4EA066}.Debug|Any CPU.Build.0 = Debug|Any CPU
		{EBEE3C03-6482-4E89-EC84-523C7E4EA066}.Release|Any CPU.ActiveCfg = Release|Any CPU
		{EBEE3C03-6482-4E89-EC84-523C7E4EA066}.Release|Any CPU.Build.0 = Release|Any CPU
		{DC9D1D6D-8F81-7305-2823-AB6D99BB8DCD}.Debug|Any CPU.ActiveCfg = Debug|Any CPU
		{DC9D1D6D-8F81-7305-2823-AB6D99BB8DCD}.Debug|Any CPU.Build.0 = Debug|Any CPU
		{DC9D1D6D-8F81-7305-2823-AB6D99BB8DCD}.Release|Any CPU.ActiveCfg = Release|Any CPU
		{DC9D1D6D-8F81-7305-2823-AB6D99BB8DCD}.Release|Any CPU.Build.0 = Release|Any CPU
		{DF4F9B1E-FCCE-A91D-8B4B-668312C7EAFA}.Debug|Any CPU.ActiveCfg = Debug|Any CPU
		{DF4F9B1E-FCCE-A91D-8B4B-668312C7EAFA}.Debug|Any CPU.Build.0 = Debug|Any CPU
		{DF4F9B1E-FCCE-A91D-8B4B-668312C7EAFA}.Release|Any CPU.ActiveCfg = Release|Any CPU
		{DF4F9B1E-FCCE-A91D-8B4B-668312C7EAFA}.Release|Any CPU.Build.0 = Release|Any CPU
		{B66BD30E-610D-C02D-9420-EDF861F35035}.Debug|Any CPU.ActiveCfg = Debug|Any CPU
		{B66BD30E-610D-C02D-9420-EDF861F35035}.Debug|Any CPU.Build.0 = Debug|Any CPU
		{B66BD30E-610D-C02D-9420-EDF861F35035}.Release|Any CPU.ActiveCfg = Release|Any CPU
		{B66BD30E-610D-C02D-9420-EDF861F35035}.Release|Any CPU.Build.0 = Release|Any CPU
	EndGlobalSection
	GlobalSection(SolutionProperties) = preSolution
		HideSolutionNode = FALSE
	EndGlobalSection
EndGlobal
